
Microsoft Visual Studio Solution File, Format Version 12.00
# Visual Studio Version 18
VisualStudioVersion = 18.0.11222.15
MinimumVisualStudioVersion = 10.0.40219.1
Project("{FAE04EC0-301F-11D3-BF4B-00C04F79EFBC}") = "WebUI", "WebUI\WebUI.csproj", "{C7226544-8035-4E9B-BB73-C9C882FA58D5}"
EndProject
Project("{FAE04EC0-301F-11D3-BF4B-00C04F79EFBC}") = "Application", "Application\Application.csproj", "{8CB3A573-D205-486E-81B5-A96F531062BB}"
EndProject
Project("{FAE04EC0-301F-11D3-BF4B-00C04F79EFBC}") = "Domain", "Domain\Domain.csproj", "{E37A9304-7D8C-411C-8486-839A8DD76631}"
EndProject
Project("{FAE04EC0-301F-11D3-BF4B-00C04F79EFBC}") = "Infrastructure", "Infrastructure\Infrastructure.csproj", "{D6B6A8B5-827D-4CA5-A5D5-7C44478ECA0F}"
EndProject
Project("{FAE04EC0-301F-11D3-BF4B-00C04F79EFBC}") = "WebUI.IntegrationTests", "WebUI.IntegrationTests\WebUI.IntegrationTests.csproj", "{CFA320E8-F033-42FE-B1DE-CCA544544C8B}"
EndProject
Project("{2150E333-8FDC-42A3-9474-1A3956D46DE8}") = "Microservices", "Microservices", "{8A367DDA-5161-A942-4F09-60E4726C9306}"
EndProject
Project("{2150E333-8FDC-42A3-9474-1A3956D46DE8}") = "Location", "Location", "{5C5C9B8D-5D9C-B901-6940-A891313A1A8A}"
EndProject
Project("{FAE04EC0-301F-11D3-BF4B-00C04F79EFBC}") = "WebAPI", "Microservices\Location\WebAPI\WebAPI.csproj", "{00902F59-214D-4359-B767-415552378329}"
EndProject
Global
	GlobalSection(SolutionConfigurationPlatforms) = preSolution
		Debug|Any CPU = Debug|Any CPU
		Debug|x64 = Debug|x64
		Debug|x86 = Debug|x86
		Release|Any CPU = Release|Any CPU
		Release|x64 = Release|x64
		Release|x86 = Release|x86
	EndGlobalSection
	GlobalSection(ProjectConfigurationPlatforms) = postSolution
		{8CB3A573-D205-486E-81B5-A96F531062BB}.Debug|Any CPU.ActiveCfg = Debug|Any CPU
		{8CB3A573-D205-486E-81B5-A96F531062BB}.Debug|Any CPU.Build.0 = Debug|Any CPU
		{8CB3A573-D205-486E-81B5-A96F531062BB}.Debug|x64.ActiveCfg = Debug|Any CPU
		{8CB3A573-D205-486E-81B5-A96F531062BB}.Debug|x64.Build.0 = Debug|Any CPU
		{8CB3A573-D205-486E-81B5-A96F531062BB}.Debug|x86.ActiveCfg = Debug|Any CPU
		{8CB3A573-D205-486E-81B5-A96F531062BB}.Debug|x86.Build.0 = Debug|Any CPU
		{8CB3A573-D205-486E-81B5-A96F531062BB}.Release|Any CPU.ActiveCfg = Release|Any CPU
		{8CB3A573-D205-486E-81B5-A96F531062BB}.Release|Any CPU.Build.0 = Release|Any CPU
		{8CB3A573-D205-486E-81B5-A96F531062BB}.Release|x64.ActiveCfg = Release|Any CPU
		{8CB3A573-D205-486E-81B5-A96F531062BB}.Release|x64.Build.0 = Release|Any CPU
		{8CB3A573-D205-486E-81B5-A96F531062BB}.Release|x86.ActiveCfg = Release|Any CPU
		{8CB3A573-D205-486E-81B5-A96F531062BB}.Release|x86.Build.0 = Release|Any CPU
		{E37A9304-7D8C-411C-8486-839A8DD76631}.Debug|Any CPU.ActiveCfg = Debug|Any CPU
		{E37A9304-7D8C-411C-8486-839A8DD76631}.Debug|Any CPU.Build.0 = Debug|Any CPU
		{E37A9304-7D8C-411C-8486-839A8DD76631}.Debug|x64.ActiveCfg = Debug|Any CPU
		{E37A9304-7D8C-411C-8486-839A8DD76631}.Debug|x64.Build.0 = Debug|Any CPU
		{E37A9304-7D8C-411C-8486-839A8DD76631}.Debug|x86.ActiveCfg = Debug|Any CPU
		{E37A9304-7D8C-411C-8486-839A8DD76631}.Debug|x86.Build.0 = Debug|Any CPU
		{E37A9304-7D8C-411C-8486-839A8DD76631}.Release|Any CPU.ActiveCfg = Release|Any CPU
		{E37A9304-7D8C-411C-8486-839A8DD76631}.Release|Any CPU.Build.0 = Release|Any CPU
		{E37A9304-7D8C-411C-8486-839A8DD76631}.Release|x64.ActiveCfg = Release|Any CPU
		{E37A9304-7D8C-411C-8486-839A8DD76631}.Release|x64.Build.0 = Release|Any CPU
		{E37A9304-7D8C-411C-8486-839A8DD76631}.Release|x86.ActiveCfg = Release|Any CPU
		{E37A9304-7D8C-411C-8486-839A8DD76631}.Release|x86.Build.0 = Release|Any CPU
		{D6B6A8B5-827D-4CA5-A5D5-7C44478ECA0F}.Debug|Any CPU.ActiveCfg = Debug|Any CPU
		{D6B6A8B5-827D-4CA5-A5D5-7C44478ECA0F}.Debug|Any CPU.Build.0 = Debug|Any CPU
		{D6B6A8B5-827D-4CA5-A5D5-7C44478ECA0F}.Debug|x64.ActiveCfg = Debug|Any CPU
		{D6B6A8B5-827D-4CA5-A5D5-7C44478ECA0F}.Debug|x64.Build.0 = Debug|Any CPU
		{D6B6A8B5-827D-4CA5-A5D5-7C44478ECA0F}.Debug|x86.ActiveCfg = Debug|Any CPU
		{D6B6A8B5-827D-4CA5-A5D5-7C44478ECA0F}.Debug|x86.Build.0 = Debug|Any CPU
		{D6B6A8B5-827D-4CA5-A5D5-7C44478ECA0F}.Release|Any CPU.ActiveCfg = Release|Any CPU
		{D6B6A8B5-827D-4CA5-A5D5-7C44478ECA0F}.Release|Any CPU.Build.0 = Release|Any CPU
		{D6B6A8B5-827D-4CA5-A5D5-7C44478ECA0F}.Release|x64.ActiveCfg = Release|Any CPU
		{D6B6A8B5-827D-4CA5-A5D5-7C44478ECA0F}.Release|x64.Build.0 = Release|Any CPU
		{D6B6A8B5-827D-4CA5-A5D5-7C44478ECA0F}.Release|x86.ActiveCfg = Release|Any CPU
		{D6B6A8B5-827D-4CA5-A5D5-7C44478ECA0F}.Release|x86.Build.0 = Release|Any CPU
		{C7226544-8035-4E9B-BB73-C9C882FA58D5}.Debug|Any CPU.ActiveCfg = Debug|Any CPU
		{C7226544-8035-4E9B-BB73-C9C882FA58D5}.Debug|Any CPU.Build.0 = Debug|Any CPU
		{C7226544-8035-4E9B-BB73-C9C882FA58D5}.Debug|x64.ActiveCfg = Debug|Any CPU
		{C7226544-8035-4E9B-BB73-C9C882FA58D5}.Debug|x64.Build.0 = Debug|Any CPU
		{C7226544-8035-4E9B-BB73-C9C882FA58D5}.Debug|x86.ActiveCfg = Debug|Any CPU
		{C7226544-8035-4E9B-BB73-C9C882FA58D5}.Debug|x86.Build.0 = Debug|Any CPU
		{C7226544-8035-4E9B-BB73-C9C882FA58D5}.Release|Any CPU.ActiveCfg = Release|Any CPU
		{C7226544-8035-4E9B-BB73-C9C882FA58D5}.Release|Any CPU.Build.0 = Release|Any CPU
		{C7226544-8035-4E9B-BB73-C9C882FA58D5}.Release|x64.ActiveCfg = Release|Any CPU
		{C7226544-8035-4E9B-BB73-C9C882FA58D5}.Release|x64.Build.0 = Release|Any CPU
		{C7226544-8035-4E9B-BB73-C9C882FA58D5}.Release|x86.ActiveCfg = Release|Any CPU
		{C7226544-8035-4E9B-BB73-C9C882FA58D5}.Release|x86.Build.0 = Release|Any CPU
		{CFA320E8-F033-42FE-B1DE-CCA544544C8B}.Debug|Any CPU.ActiveCfg = Debug|Any CPU
		{CFA320E8-F033-42FE-B1DE-CCA544544C8B}.Debug|Any CPU.Build.0 = Debug|Any CPU
		{CFA320E8-F033-42FE-B1DE-CCA544544C8B}.Debug|x64.ActiveCfg = Debug|Any CPU
		{CFA320E8-F033-42FE-B1DE-CCA544544C8B}.Debug|x64.Build.0 = Debug|Any CPU
		{CFA320E8-F033-42FE-B1DE-CCA544544C8B}.Debug|x86.ActiveCfg = Debug|Any CPU
		{CFA320E8-F033-42FE-B1DE-CCA544544C8B}.Debug|x86.Build.0 = Debug|Any CPU
		{CFA320E8-F033-42FE-B1DE-CCA544544C8B}.Release|Any CPU.ActiveCfg = Release|Any CPU
		{CFA320E8-F033-42FE-B1DE-CCA544544C8B}.Release|Any CPU.Build.0 = Release|Any CPU
		{CFA320E8-F033-42FE-B1DE-CCA544544C8B}.Release|x64.ActiveCfg = Release|Any CPU
		{CFA320E8-F033-42FE-B1DE-CCA544544C8B}.Release|x64.Build.0 = Release|Any CPU
		{CFA320E8-F033-42FE-B1DE-CCA544544C8B}.Release|x86.ActiveCfg = Release|Any CPU
		{CFA320E8-F033-42FE-B1DE-CCA544544C8B}.Release|x86.Build.0 = Release|Any CPU
		{00902F59-214D-4359-B767-415552378329}.Debug|Any CPU.ActiveCfg = Debug|Any CPU
		{00902F59-214D-4359-B767-415552378329}.Debug|Any CPU.Build.0 = Debug|Any CPU
		{00902F59-214D-4359-B767-415552378329}.Debug|x64.ActiveCfg = Debug|Any CPU
		{00902F59-214D-4359-B767-415552378329}.Debug|x64.Build.0 = Debug|Any CPU
		{00902F59-214D-4359-B767-415552378329}.Debug|x86.ActiveCfg = Debug|Any CPU
		{00902F59-214D-4359-B767-415552378329}.Debug|x86.Build.0 = Debug|Any CPU
		{00902F59-214D-4359-B767-415552378329}.Release|Any CPU.ActiveCfg = Release|Any CPU
		{00902F59-214D-4359-B767-415552378329}.Release|Any CPU.Build.0 = Release|Any CPU
		{00902F59-214D-4359-B767-415552378329}.Release|x64.ActiveCfg = Release|Any CPU
		{00902F59-214D-4359-B767-415552378329}.Release|x64.Build.0 = Release|Any CPU
		{00902F59-214D-4359-B767-415552378329}.Release|x86.ActiveCfg = Release|Any CPU
		{00902F59-214D-4359-B767-415552378329}.Release|x86.Build.0 = Release|Any CPU
	EndGlobalSection
	GlobalSection(SolutionProperties) = preSolution
		HideSolutionNode = FALSE
	EndGlobalSection
	GlobalSection(NestedProjects) = preSolution
		{5C5C9B8D-5D9C-B901-6940-A891313A1A8A} = {8A367DDA-5161-A942-4F09-60E4726C9306}
		{00902F59-214D-4359-B767-415552378329} = {5C5C9B8D-5D9C-B901-6940-A891313A1A8A}
	EndGlobalSection
	GlobalSection(ExtensibilityGlobals) = postSolution
		SolutionGuid = {F9A09DB9-38EF-4B32-A823-246D81426AD3}
	EndGlobalSection
EndGlobal
